Microsoft Visual Studio Solution File, Format Version 12.00
# Visual Studio Version 16
VisualStudioVersion = 16.0.30011.22
MinimumVisualStudioVersion = 10.0.40219.1
Project("{9A19103F-16F7-4668-BE54-9A1E7A4F7556}") = "InterApro.Business", "InterApro.Business\InterApro.Business.csproj", "{103DE656-4E76-4E4A-AA50-718114982539}"
EndProject
Project("{9A19103F-16F7-4668-BE54-9A1E7A4F7556}") = "InterApro.Database", "InterApro.Database\InterApro.Database.csproj", "{315C8BE8-B10A-4B6C-B6DE-9F6D9D0DA19A}"
EndProject
Project("{9A19103F-16F7-4668-BE54-9A1E7A4F7556}") = "InterApro.Models", "InterApro.Models\InterApro.Models.csproj", "{65C07AAD-168F-4EA2-B9D1-0D502F086F61}"
EndProject
Project("{2150E333-8FDC-42A3-9474-1A3956D46DE8}") = "Core Libraries", "Core Libraries", "{C53578A0-63BE-42DD-986A-25F5406529A8}"
EndProject
Project("{9A19103F-16F7-4668-BE54-9A1E7A4F7556}") = "InterApro.Web", "InterApro.Web\InterApro.Web.csproj", "{C77CB824-D698-44A0-AD94-E2CECE0BBD75}"
EndProject
Global
	GlobalSection(SolutionConfigurationPlatforms) = preSolution
		Debug|Any CPU = Debug|Any CPU
		Release|Any CPU = Release|Any CPU
	EndGlobalSection
	GlobalSection(ProjectConfigurationPlatforms) = postSolution
		{103DE656-4E76-4E4A-AA50-718114982539}.Debug|Any CPU.ActiveCfg = Debug|Any CPU
		{103DE656-4E76-4E4A-AA50-718114982539}.Debug|Any CPU.Build.0 = Debug|Any CPU
		{103DE656-4E76-4E4A-AA50-718114982539}.Release|Any CPU.ActiveCfg = Release|Any CPU
		{103DE656-4E76-4E4A-AA50-718114982539}.Release|Any CPU.Build.0 = Release|Any CPU
		{315C8BE8-B10A-4B6C-B6DE-9F6D9D0DA19A}.Debug|Any CPU.ActiveCfg = Debug|Any CPU
		{315C8BE8-B10A-4B6C-B6DE-9F6D9D0DA19A}.Debug|Any CPU.Build.0 = Debug|Any CPU
		{315C8BE8-B10A-4B6C-B6DE-9F6D9D0DA19A}.Release|Any CPU.ActiveCfg = Release|Any CPU
		{315C8BE8-B10A-4B6C-B6DE-9F6D9D0DA19A}.Release|Any CPU.Build.0 = Release|Any CPU
		{65C07AAD-168F-4EA2-B9D1-0D502F086F61}.Debug|Any CPU.ActiveCfg = Debug|Any CPU
		{65C07AAD-168F-4EA2-B9D1-0D502F086F61}.Debug|Any CPU.Build.0 = Debug|Any CPU
		{65C07AAD-168F-4EA2-B9D1-0D502F086F61}.Release|Any CPU.ActiveCfg = Release|Any CPU
		{65C07AAD-168F-4EA2-B9D1-0D502F086F61}.Release|Any CPU.Build.0 = Release|Any CPU
		{C77CB824-D698-44A0-AD94-E2CECE0BBD75}.Debug|Any CPU.ActiveCfg = Debug|Any CPU
		{C77CB824-D698-44A0-AD94-E2CECE0BBD75}.Debug|Any CPU.Build.0 = Debug|Any CPU
		{C77CB824-D698-44A0-AD94-E2CECE0BBD75}.Release|Any CPU.ActiveCfg = Release|Any CPU
		{C77CB824-D698-44A0-AD94-E2CECE0BBD75}.Release|Any CPU.Build.0 = Release|Any CPU
	EndGlobalSection
	GlobalSection(SolutionProperties) = preSolution
		HideSolutionNode = FALSE
	EndGlobalSection
	GlobalSection(NestedProjects) = preSolution
		{103DE656-4E76-4E4A-AA50-718114982539} = {C53578A0-63BE-42DD-986A-25F5406529A8}
		{315C8BE8-B10A-4B6C-B6DE-9F6D9D0DA19A} = {C53578A0-63BE-42DD-986A-25F5406529A8}
		{65C07AAD-168F-4EA2-B9D1-0D502F086F61} = {C53578A0-63BE-42DD-986A-25F5406529A8}
	EndGlobalSection
	GlobalSection(ExtensibilityGlobals) = postSolution
		SolutionGuid = {5F134186-C411-44A8-AB9E-6A8BB70979FB}
	EndGlobalSection
EndGlobal
